
Microsoft Visual Studio Solution File, Format Version 12.00
# Visual Studio Version 17
VisualStudioVersion = 17.3.32825.248
MinimumVisualStudioVersion = 10.0.40219.1
Project("{FAE04EC0-301F-11D3-BF4B-00C04F79EFBC}") = "LoginGoogle.Android", "LoginGoogle.Android\LoginGoogle.Android.csproj", "{E6AB42D3-1621-47BB-9A6A-03DC9919418F}"
EndProject
Project("{FAE04EC0-301F-11D3-BF4B-00C04F79EFBC}") = "LoginGoogle.iOS", "LoginGoogle.iOS\LoginGoogle.iOS.csproj", "{2F509829-6BD0-4241-8CA8-4BF92FF413C6}"
EndProject
Project("{FAE04EC0-301F-11D3-BF4B-00C04F79EFBC}") = "LoginGoogle", "LoginGoogle\LoginGoogle.csproj", "{81D93C84-C25E-4031-8E12-C11283187050}"
EndProject
Global
	GlobalSection(SolutionConfigurationPlatforms) = preSolution
		Debug|Any CPU = Debug|Any CPU
		Debug|iPhone = Debug|iPhone
		Debug|iPhoneSimulator = Debug|iPhoneSimulator
		Release|Any CPU = Release|Any CPU
		Release|iPhone = Release|iPhone
		Release|iPhoneSimulator = Release|iPhoneSimulator
	EndGlobalSection
	GlobalSection(ProjectConfigurationPlatforms) = postSolution
		{E6AB42D3-1621-47BB-9A6A-03DC9919418F}.Debug|Any CPU.ActiveCfg = Debug|Any CPU
		{E6AB42D3-1621-47BB-9A6A-03DC9919418F}.Debug|Any CPU.Build.0 = Debug|Any CPU
		{E6AB42D3-1621-47BB-9A6A-03DC9919418F}.Debug|Any CPU.Deploy.0 = Debug|Any CPU
		{E6AB42D3-1621-47BB-9A6A-03DC9919418F}.Debug|iPhone.ActiveCfg = Debug|Any CPU
		{E6AB42D3-1621-47BB-9A6A-03DC9919418F}.Debug|iPhone.Build.0 = Debug|Any CPU
		{E6AB42D3-1621-47BB-9A6A-03DC9919418F}.Debug|iPhone.Deploy.0 = Debug|Any CPU
		{E6AB42D3-1621-47BB-9A6A-03DC9919418F}.Debug|iPhoneSimulator.ActiveCfg = Debug|Any CPU
		{E6AB42D3-1621-47BB-9A6A-03DC9919418F}.Debug|iPhoneSimulator.Build.0 = Debug|Any CPU
		{E6AB42D3-1621-47BB-9A6A-03DC9919418F}.Debug|iPhoneSimulator.Deploy.0 = Debug|Any CPU
		{E6AB42D3-1621-47BB-9A6A-03DC9919418F}.Release|Any CPU.ActiveCfg = Release|Any CPU
		{E6AB42D3-1621-47BB-9A6A-03DC9919418F}.Release|Any CPU.Build.0 = Release|Any CPU
		{E6AB42D3-1621-47BB-9A6A-03DC9919418F}.Release|Any CPU.Deploy.0 = Release|Any CPU
		{E6AB42D3-1621-47BB-9A6A-03DC9919418F}.Release|iPhone.ActiveCfg = Release|Any CPU
		{E6AB42D3-1621-47BB-9A6A-03DC9919418F}.Release|iPhone.Build.0 = Release|Any CPU
		{E6AB42D3-1621-47BB-9A6A-03DC9919418F}.Release|iPhone.Deploy.0 = Release|Any CPU
		{E6AB42D3-1621-47BB-9A6A-03DC9919418F}.Release|iPhoneSimulator.ActiveCfg = Release|Any CPU
		{E6AB42D3-1621-47BB-9A6A-03DC9919418F}.Release|iPhoneSimulator.Build.0 = Release|Any CPU
		{E6AB42D3-1621-47BB-9A6A-03DC9919418F}.Release|iPhoneSimulator.Deploy.0 = Release|Any CPU
		{2F509829-6BD0-4241-8CA8-4BF92FF413C6}.Debug|Any CPU.ActiveCfg = Debug|iPhone
		{2F509829-6BD0-4241-8CA8-4BF92FF413C6}.Debug|Any CPU.Build.0 = Debug|iPhone
		{2F509829-6BD0-4241-8CA8-4BF92FF413C6}.Debug|Any CPU.Deploy.0 = Debug|iPhone
		{2F509829-6BD0-4241-8CA8-4BF92FF413C6}.Debug|iPhone.ActiveCfg = Debug|iPhone
		{2F509829-6BD0-4241-8CA8-4BF92FF413C6}.Debug|iPhone.Build.0 = Debug|iPhone
		{2F509829-6BD0-4241-8CA8-4BF92FF413C6}.Debug|iPhone.Deploy.0 = Debug|iPhone
		{2F509829-6BD0-4241-8CA8-4BF92FF413C6}.Debug|iPhoneSimulator.ActiveCfg = Debug|iPhoneSimulator
		{2F509829-6BD0-4241-8CA8-4BF92FF413C6}.Debug|iPhoneSimulator.Build.0 = Debug|iPhoneSimulator
		{2F509829-6BD0-4241-8CA8-4BF92FF413C6}.Debug|iPhoneSimulator.Deploy.0 = Debug|iPhoneSimulator
		{2F509829-6BD0-4241-8CA8-4BF92FF413C6}.Release|Any CPU.ActiveCfg = Release|iPhoneSimulator
		{2F509829-6BD0-4241-8CA8-4BF92FF413C6}.Release|Any CPU.Build.0 = Release|iPhoneSimulator
		{2F509829-6BD0-4241-8CA8-4BF92FF413C6}.Release|Any CPU.Deploy.0 = Release|iPhoneSimulator
		{2F509829-6BD0-4241-8CA8-4BF92FF413C6}.Release|iPhone.ActiveCfg = Release|iPhone
		{2F509829-6BD0-4241-8CA8-4BF92FF413C6}.Release|iPhone.Build.0 = Release|iPhone
		{2F509829-6BD0-4241-8CA8-4BF92FF413C6}.Release|iPhone.Deploy.0 = Release|iPhone
		{2F509829-6BD0-4241-8CA8-4BF92FF413C6}.Release|iPhoneSimulator.ActiveCfg = Release|iPhoneSimulator
		{2F509829-6BD0-4241-8CA8-4BF92FF413C6}.Release|iPhoneSimulator.Build.0 = Release|iPhoneSimulator
		{2F509829-6BD0-4241-8CA8-4BF92FF413C6}.Release|iPhoneSimulator.Deploy.0 = Release|iPhoneSimulator
		{81D93C84-C25E-4031-8E12-C11283187050}.Debug|Any CPU.ActiveCfg = Debug|Any CPU
		{81D93C84-C25E-4031-8E12-C11283187050}.Debug|Any CPU.Build.0 = Debug|Any CPU
		{81D93C84-C25E-4031-8E12-C11283187050}.Debug|Any CPU.Deploy.0 = Debug|Any CPU
		{81D93C84-C25E-4031-8E12-C11283187050}.Debug|iPhone.ActiveCfg = Debug|Any CPU
		{81D93C84-C25E-4031-8E12-C11283187050}.Debug|iPhone.Build.0 = Debug|Any CPU
		{81D93C84-C25E-4031-8E12-C11283187050}.Debug|iPhone.Deploy.0 = Debug|Any CPU
		{81D93C84-C25E-4031-8E12-C11283187050}.Debug|iPhoneSimulator.ActiveCfg = Debug|Any CPU
		{81D93C84-C25E-4031-8E12-C11283187050}.Debug|iPhoneSimulator.Build.0 = Debug|Any CPU
		{81D93C84-C25E-4031-8E12-C11283187050}.Debug|iPhoneSimulator.Deploy.0 = Debug|Any CPU
		{81D93C84-C25E-4031-8E12-C11283187050}.Release|Any CPU.ActiveCfg = Release|Any CPU
		{81D93C84-C25E-4031-8E12-C11283187050}.Release|Any CPU.Build.0 = Release|Any CPU
		{81D93C84-C25E-4031-8E12-C11283187050}.Release|Any CPU.Deploy.0 = Release|Any CPU
		{81D93C84-C25E-4031-8E12-C11283187050}.Release|iPhone.ActiveCfg = Release|Any CPU
		{81D93C84-C25E-4031-8E12-C11283187050}.Release|iPhone.Build.0 = Release|Any CPU
		{81D93C84-C25E-4031-8E12-C11283187050}.Release|iPhone.Deploy.0 = Release|Any CPU
		{81D93C84-C25E-4031-8E12-C11283187050}.Release|iPhoneSimulator.ActiveCfg = Release|Any CPU
		{81D93C84-C25E-4031-8E12-C11283187050}.Release|iPhoneSimulator.Build.0 = Release|Any CPU
		{81D93C84-C25E-4031-8E12-C11283187050}.Release|iPhoneSimulator.Deploy.0 = Release|Any CPU
	EndGlobalSection
	GlobalSection(SolutionProperties) = preSolution
		HideSolutionNode = FALSE
	EndGlobalSection
	GlobalSection(ExtensibilityGlobals) = postSolution
		SolutionGuid = {5EE96C14-9312-49C3-8704-0E3452A5752C}
	EndGlobalSection
EndGlobal
